
Microsoft Visual Studio Solution File, Format Version 12.00
# Visual Studio 15
VisualStudioVersion = 15.0.27428.2027
MinimumVisualStudioVersion = 10.0.40219.1
Project("{9A19103F-16F7-4668-BE54-9A1E7A4F7556}") = "Biskuits", "Biskuits\Biskuits.csproj", "{8C3B16FC-DC81-4013-8897-453D163CF8BE}"
	ProjectSection(ProjectDependencies) = postProject
		{9DCF1AEF-82CC-488E-B084-A165D71CCE98} = {9DCF1AEF-82CC-488E-B084-A165D71CCE98}
	EndProjectSection
EndProject
Project("{FAE04EC0-301F-11D3-BF4B-00C04F79EFBC}") = "Samples.Android", "Samples\Samples.Android\Samples.Android.csproj", "{277C8201-600D-4F39-8341-6EC344E22460}"
	ProjectSection(ProjectDependencies) = postProject
		{8C3B16FC-DC81-4013-8897-453D163CF8BE} = {8C3B16FC-DC81-4013-8897-453D163CF8BE}
	EndProjectSection
EndProject
Project("{FAE04EC0-301F-11D3-BF4B-00C04F79EFBC}") = "Samples.iOS", "Samples\Samples.iOS\Samples.iOS.csproj", "{FD9C4A66-0754-425F-9414-C88ADE614996}"
	ProjectSection(ProjectDependencies) = postProject
		{8C3B16FC-DC81-4013-8897-453D163CF8BE} = {8C3B16FC-DC81-4013-8897-453D163CF8BE}
	EndProjectSection
EndProject
Project("{FAE04EC0-301F-11D3-BF4B-00C04F79EFBC}") = "Samples.UWP", "Samples\Samples.UWP\Samples.UWP.csproj", "{01A8D635-48C4-43BF-9AC6-A1A9FD7E9026}"
	ProjectSection(ProjectDependencies) = postProject
		{8C3B16FC-DC81-4013-8897-453D163CF8BE} = {8C3B16FC-DC81-4013-8897-453D163CF8BE}
	EndProjectSection
EndProject
Project("{9A19103F-16F7-4668-BE54-9A1E7A4F7556}") = "Samples", "Samples\Samples\Samples.csproj", "{7972F500-D384-4205-A699-E59AA8ABF1C5}"
	ProjectSection(ProjectDependencies) = postProject
		{9DCF1AEF-82CC-488E-B084-A165D71CCE98} = {9DCF1AEF-82CC-488E-B084-A165D71CCE98}
	EndProjectSection
EndProject
Project("{FAE04EC0-301F-11D3-BF4B-00C04F79EFBC}") = "UnitTests", "UnitTests\UnitTests.csproj", "{B2521799-3028-4224-9337-5BFE76DB9CEA}"
	ProjectSection(ProjectDependencies) = postProject
		{9DCF1AEF-82CC-488E-B084-A165D71CCE98} = {9DCF1AEF-82CC-488E-B084-A165D71CCE98}
	EndProjectSection
EndProject
Project("{9A19103F-16F7-4668-BE54-9A1E7A4F7556}") = "System.Reactive", "..\..\projects\reactive\Rx.NET\Source\src\System.Reactive\System.Reactive.csproj", "{9DCF1AEF-82CC-488E-B084-A165D71CCE98}"
EndProject
Global
	GlobalSection(SolutionConfigurationPlatforms) = preSolution
		Ad-Hoc|Any CPU = Ad-Hoc|Any CPU
		Ad-Hoc|ARM = Ad-Hoc|ARM
		Ad-Hoc|iPhone = Ad-Hoc|iPhone
		Ad-Hoc|iPhoneSimulator = Ad-Hoc|iPhoneSimulator
		Ad-Hoc|x64 = Ad-Hoc|x64
		Ad-Hoc|x86 = Ad-Hoc|x86
		AppStore|Any CPU = AppStore|Any CPU
		AppStore|ARM = AppStore|ARM
		AppStore|iPhone = AppStore|iPhone
		AppStore|iPhoneSimulator = AppStore|iPhoneSimulator
		AppStore|x64 = AppStore|x64
		AppStore|x86 = AppStore|x86
		Debug|Any CPU = Debug|Any CPU
		Debug|ARM = Debug|ARM
		Debug|iPhone = Debug|iPhone
		Debug|iPhoneSimulator = Debug|iPhoneSimulator
		Debug|x64 = Debug|x64
		Debug|x86 = Debug|x86
		Release|Any CPU = Release|Any CPU
		Release|ARM = Release|ARM
		Release|iPhone = Release|iPhone
		Release|iPhoneSimulator = Release|iPhoneSimulator
		Release|x64 = Release|x64
		Release|x86 = Release|x86
	EndGlobalSection
	GlobalSection(ProjectConfigurationPlatforms) = postSolution
		{8C3B16FC-DC81-4013-8897-453D163CF8BE}.Ad-Hoc|Any CPU.ActiveCfg = Debug|Any CPU
		{8C3B16FC-DC81-4013-8897-453D163CF8BE}.Ad-Hoc|Any CPU.Build.0 = Debug|Any CPU
		{8C3B16FC-DC81-4013-8897-453D163CF8BE}.Ad-Hoc|ARM.ActiveCfg = Debug|Any CPU
		{8C3B16FC-DC81-4013-8897-453D163CF8BE}.Ad-Hoc|ARM.Build.0 = Debug|Any CPU
		{8C3B16FC-DC81-4013-8897-453D163CF8BE}.Ad-Hoc|iPhone.ActiveCfg = Debug|Any CPU
		{8C3B16FC-DC81-4013-8897-453D163CF8BE}.Ad-Hoc|iPhone.Build.0 = Debug|Any CPU
		{8C3B16FC-DC81-4013-8897-453D163CF8BE}.Ad-Hoc|iPhoneSimulator.ActiveCfg = Debug|Any CPU
		{8C3B16FC-DC81-4013-8897-453D163CF8BE}.Ad-Hoc|iPhoneSimulator.Build.0 = Debug|Any CPU
		{8C3B16FC-DC81-4013-8897-453D163CF8BE}.Ad-Hoc|x64.ActiveCfg = Debug|Any CPU
		{8C3B16FC-DC81-4013-8897-453D163CF8BE}.Ad-Hoc|x64.Build.0 = Debug|Any CPU
		{8C3B16FC-DC81-4013-8897-453D163CF8BE}.Ad-Hoc|x86.ActiveCfg = Debug|Any CPU
		{8C3B16FC-DC81-4013-8897-453D163CF8BE}.Ad-Hoc|x86.Build.0 = Debug|Any CPU
		{8C3B16FC-DC81-4013-8897-453D163CF8BE}.AppStore|Any CPU.ActiveCfg = Debug|Any CPU
		{8C3B16FC-DC81-4013-8897-453D163CF8BE}.AppStore|Any CPU.Build.0 = Debug|Any CPU
		{8C3B16FC-DC81-4013-8897-453D163CF8BE}.AppStore|ARM.ActiveCfg = Debug|Any CPU
		{8C3B16FC-DC81-4013-8897-453D163CF8BE}.AppStore|ARM.Build.0 = Debug|Any CPU
		{8C3B16FC-DC81-4013-8897-453D163CF8BE}.AppStore|iPhone.ActiveCfg = Debug|Any CPU
		{8C3B16FC-DC81-4013-8897-453D163CF8BE}.AppStore|iPhone.Build.0 = Debug|Any CPU
		{8C3B16FC-DC81-4013-8897-453D163CF8BE}.AppStore|iPhoneSimulator.ActiveCfg = Debug|Any CPU
		{8C3B16FC-DC81-4013-8897-453D163CF8BE}.AppStore|iPhoneSimulator.Build.0 = Debug|Any CPU
		{8C3B16FC-DC81-4013-8897-453D163CF8BE}.AppStore|x64.ActiveCfg = Debug|Any CPU
		{8C3B16FC-DC81-4013-8897-453D163CF8BE}.AppStore|x64.Build.0 = Debug|Any CPU
		{8C3B16FC-DC81-4013-8897-453D163CF8BE}.AppStore|x86.ActiveCfg = Debug|Any CPU
		{8C3B16FC-DC81-4013-8897-453D163CF8BE}.AppStore|x86.Build.0 = Debug|Any CPU
		{8C3B16FC-DC81-4013-8897-453D163CF8BE}.Debug|Any CPU.ActiveCfg = Debug|Any CPU
		{8C3B16FC-DC81-4013-8897-453D163CF8BE}.Debug|Any CPU.Build.0 = Debug|Any CPU
		{8C3B16FC-DC81-4013-8897-453D163CF8BE}.Debug|ARM.ActiveCfg = Debug|Any CPU
		{8C3B16FC-DC81-4013-8897-453D163CF8BE}.Debug|ARM.Build.0 = Debug|Any CPU
		{8C3B16FC-DC81-4013-8897-453D163CF8BE}.Debug|iPhone.ActiveCfg = Debug|Any CPU
		{8C3B16FC-DC81-4013-8897-453D163CF8BE}.Debug|iPhone.Build.0 = Debug|Any CPU
		{8C3B16FC-DC81-4013-8897-453D163CF8BE}.Debug|iPhoneSimulator.ActiveCfg = Debug|Any CPU
		{8C3B16FC-DC81-4013-8897-453D163CF8BE}.Debug|iPhoneSimulator.Build.0 = Debug|Any CPU
		{8C3B16FC-DC81-4013-8897-453D163CF8BE}.Debug|x64.ActiveCfg = Debug|Any CPU
		{8C3B16FC-DC81-4013-8897-453D163CF8BE}.Debug|x64.Build.0 = Debug|Any CPU
		{8C3B16FC-DC81-4013-8897-453D163CF8BE}.Debug|x86.ActiveCfg = Debug|Any CPU
		{8C3B16FC-DC81-4013-8897-453D163CF8BE}.Debug|x86.Build.0 = Debug|Any CPU
		{8C3B16FC-DC81-4013-8897-453D163CF8BE}.Release|Any CPU.ActiveCfg = Release|Any CPU
		{8C3B16FC-DC81-4013-8897-453D163CF8BE}.Release|Any CPU.Build.0 = Release|Any CPU
		{8C3B16FC-DC81-4013-8897-453D163CF8BE}.Release|ARM.ActiveCfg = Release|Any CPU
		{8C3B16FC-DC81-4013-8897-453D163CF8BE}.Release|ARM.Build.0 = Release|Any CPU
		{8C3B16FC-DC81-4013-8897-453D163CF8BE}.Release|iPhone.ActiveCfg = Release|Any CPU
		{8C3B16FC-DC81-4013-8897-453D163CF8BE}.Release|iPhone.Build.0 = Release|Any CPU
		{8C3B16FC-DC81-4013-8897-453D163CF8BE}.Release|iPhoneSimulator.ActiveCfg = Release|Any CPU
		{8C3B16FC-DC81-4013-8897-453D163CF8BE}.Release|iPhoneSimulator.Build.0 = Release|Any CPU
		{8C3B16FC-DC81-4013-8897-453D163CF8BE}.Release|x64.ActiveCfg = Release|Any CPU
		{8C3B16FC-DC81-4013-8897-453D163CF8BE}.Release|x64.Build.0 = Release|Any CPU
		{8C3B16FC-DC81-4013-8897-453D163CF8BE}.Release|x86.ActiveCfg = Release|Any CPU
		{8C3B16FC-DC81-4013-8897-453D163CF8BE}.Release|x86.Build.0 = Release|Any CPU
		{277C8201-600D-4F39-8341-6EC344E22460}.Ad-Hoc|Any CPU.ActiveCfg = Release|Any CPU
		{277C8201-600D-4F39-8341-6EC344E22460}.Ad-Hoc|Any CPU.Build.0 = Release|Any CPU
		{277C8201-600D-4F39-8341-6EC344E22460}.Ad-Hoc|Any CPU.Deploy.0 = Release|Any CPU
		{277C8201-600D-4F39-8341-6EC344E22460}.Ad-Hoc|ARM.ActiveCfg = Release|Any CPU
		{277C8201-600D-4F39-8341-6EC344E22460}.Ad-Hoc|ARM.Build.0 = Release|Any CPU
		{277C8201-600D-4F39-8341-6EC344E22460}.Ad-Hoc|ARM.Deploy.0 = Release|Any CPU
		{277C8201-600D-4F39-8341-6EC344E22460}.Ad-Hoc|iPhone.ActiveCfg = Release|Any CPU
		{277C8201-600D-4F39-8341-6EC344E22460}.Ad-Hoc|iPhone.Build.0 = Release|Any CPU
		{277C8201-600D-4F39-8341-6EC344E22460}.Ad-Hoc|iPhone.Deploy.0 = Release|Any CPU
		{277C8201-600D-4F39-8341-6EC344E22460}.Ad-Hoc|iPhoneSimulator.ActiveCfg = Release|Any CPU
		{277C8201-600D-4F39-8341-6EC344E22460}.Ad-Hoc|iPhoneSimulator.Build.0 = Release|Any CPU
		{277C8201-600D-4F39-8341-6EC344E22460}.Ad-Hoc|iPhoneSimulator.Deploy.0 = Release|Any CPU
		{277C8201-600D-4F39-8341-6EC344E22460}.Ad-Hoc|x64.ActiveCfg = Release|Any CPU
		{277C8201-600D-4F39-8341-6EC344E22460}.Ad-Hoc|x64.Build.0 = Release|Any CPU
		{277C8201-600D-4F39-8341-6EC344E22460}.Ad-Hoc|x64.Deploy.0 = Release|Any CPU
		{277C8201-600D-4F39-8341-6EC344E22460}.Ad-Hoc|x86.ActiveCfg = Release|Any CPU
		{277C8201-600D-4F39-8341-6EC344E22460}.Ad-Hoc|x86.Build.0 = Release|Any CPU
		{277C8201-600D-4F39-8341-6EC344E22460}.Ad-Hoc|x86.Deploy.0 = Release|Any CPU
		{277C8201-600D-4F39-8341-6EC344E22460}.AppStore|Any CPU.ActiveCfg = Release|Any CPU
		{277C8201-600D-4F39-8341-6EC344E22460}.AppStore|Any CPU.Build.0 = Release|Any CPU
		{277C8201-600D-4F39-8341-6EC344E22460}.AppStore|Any CPU.Deploy.0 = Release|Any CPU
		{277C8201-600D-4F39-8341-6EC344E22460}.AppStore|ARM.ActiveCfg = Release|Any CPU
		{277C8201-600D-4F39-8341-6EC344E22460}.AppStore|ARM.Build.0 = Release|Any CPU
		{277C8201-600D-4F39-8341-6EC344E22460}.AppStore|ARM.Deploy.0 = Release|Any CPU
		{277C8201-600D-4F39-8341-6EC344E22460}.AppStore|iPhone.ActiveCfg = Release|Any CPU
		{277C8201-600D-4F39-8341-6EC344E22460}.AppStore|iPhone.Build.0 = Release|Any CPU
		{277C8201-600D-4F39-8341-6EC344E22460}.AppStore|iPhone.Deploy.0 = Release|Any CPU
		{277C8201-600D-4F39-8341-6EC344E22460}.AppStore|iPhoneSimulator.ActiveCfg = Release|Any CPU
		{277C8201-600D-4F39-8341-6EC344E22460}.AppStore|iPhoneSimulator.Build.0 = Release|Any CPU
		{277C8201-600D-4F39-8341-6EC344E22460}.AppStore|iPhoneSimulator.Deploy.0 = Release|Any CPU
		{277C8201-600D-4F39-8341-6EC344E22460}.AppStore|x64.ActiveCfg = Release|Any CPU
		{277C8201-600D-4F39-8341-6EC344E22460}.AppStore|x64.Build.0 = Release|Any CPU
		{277C8201-600D-4F39-8341-6EC344E22460}.AppStore|x64.Deploy.0 = Release|Any CPU
		{277C8201-600D-4F39-8341-6EC344E22460}.AppStore|x86.ActiveCfg = Release|Any CPU
		{277C8201-600D-4F39-8341-6EC344E22460}.AppStore|x86.Build.0 = Release|Any CPU
		{277C8201-600D-4F39-8341-6EC344E22460}.AppStore|x86.Deploy.0 = Release|Any CPU
		{277C8201-600D-4F39-8341-6EC344E22460}.Debug|Any CPU.ActiveCfg = Debug|Any CPU
		{277C8201-600D-4F39-8341-6EC344E22460}.Debug|Any CPU.Build.0 = Debug|Any CPU
		{277C8201-600D-4F39-8341-6EC344E22460}.Debug|Any CPU.Deploy.0 = Debug|Any CPU
		{277C8201-600D-4F39-8341-6EC344E22460}.Debug|ARM.ActiveCfg = Debug|Any CPU
		{277C8201-600D-4F39-8341-6EC344E22460}.Debug|ARM.Build.0 = Debug|Any CPU
		{277C8201-600D-4F39-8341-6EC344E22460}.Debug|ARM.Deploy.0 = Debug|Any CPU
		{277C8201-600D-4F39-8341-6EC344E22460}.Debug|iPhone.ActiveCfg = Debug|Any CPU
		{277C8201-600D-4F39-8341-6EC344E22460}.Debug|iPhone.Build.0 = Debug|Any CPU
		{277C8201-600D-4F39-8341-6EC344E22460}.Debug|iPhone.Deploy.0 = Debug|Any CPU
		{277C8201-600D-4F39-8341-6EC344E22460}.Debug|iPhoneSimulator.ActiveCfg = Debug|Any CPU
		{277C8201-600D-4F39-8341-6EC344E22460}.Debug|iPhoneSimulator.Build.0 = Debug|Any CPU
		{277C8201-600D-4F39-8341-6EC344E22460}.Debug|iPhoneSimulator.Deploy.0 = Debug|Any CPU
		{277C8201-600D-4F39-8341-6EC344E22460}.Debug|x64.ActiveCfg = Debug|Any CPU
		{277C8201-600D-4F39-8341-6EC344E22460}.Debug|x64.Build.0 = Debug|Any CPU
		{277C8201-600D-4F39-8341-6EC344E22460}.Debug|x64.Deploy.0 = Debug|Any CPU
		{277C8201-600D-4F39-8341-6EC344E22460}.Debug|x86.ActiveCfg = Debug|Any CPU
		{277C8201-600D-4F39-8341-6EC344E22460}.Debug|x86.Build.0 = Debug|Any CPU
		{277C8201-600D-4F39-8341-6EC344E22460}.Debug|x86.Deploy.0 = Debug|Any CPU
		{277C8201-600D-4F39-8341-6EC344E22460}.Release|Any CPU.ActiveCfg = Release|Any CPU
		{277C8201-600D-4F39-8341-6EC344E22460}.Release|Any CPU.Build.0 = Release|Any CPU
		{277C8201-600D-4F39-8341-6EC344E22460}.Release|Any CPU.Deploy.0 = Release|Any CPU
		{277C8201-600D-4F39-8341-6EC344E22460}.Release|ARM.ActiveCfg = Release|Any CPU
		{277C8201-600D-4F39-8341-6EC344E22460}.Release|ARM.Build.0 = Release|Any CPU
		{277C8201-600D-4F39-8341-6EC344E22460}.Release|ARM.Deploy.0 = Release|Any CPU
		{277C8201-600D-4F39-8341-6EC344E22460}.Release|iPhone.ActiveCfg = Release|Any CPU
		{277C8201-600D-4F39-8341-6EC344E22460}.Release|iPhone.Build.0 = Release|Any CPU
		{277C8201-600D-4F39-8341-6EC344E22460}.Release|iPhone.Deploy.0 = Release|Any CPU
		{277C8201-600D-4F39-8341-6EC344E22460}.Release|iPhoneSimulator.ActiveCfg = Release|Any CPU
		{277C8201-600D-4F39-8341-6EC344E22460}.Release|iPhoneSimulator.Build.0 = Release|Any CPU
		{277C8201-600D-4F39-8341-6EC344E22460}.Release|iPhoneSimulator.Deploy.0 = Release|Any CPU
		{277C8201-600D-4F39-8341-6EC344E22460}.Release|x64.ActiveCfg = Release|Any CPU
		{277C8201-600D-4F39-8341-6EC344E22460}.Release|x64.Build.0 = Release|Any CPU
		{277C8201-600D-4F39-8341-6EC344E22460}.Release|x64.Deploy.0 = Release|Any CPU
		{277C8201-600D-4F39-8341-6EC344E22460}.Release|x86.ActiveCfg = Release|Any CPU
		{277C8201-600D-4F39-8341-6EC344E22460}.Release|x86.Build.0 = Release|Any CPU
		{277C8201-600D-4F39-8341-6EC344E22460}.Release|x86.Deploy.0 = Release|Any CPU
		{FD9C4A66-0754-425F-9414-C88ADE614996}.Ad-Hoc|Any CPU.ActiveCfg = Ad-Hoc|iPhone
		{FD9C4A66-0754-425F-9414-C88ADE614996}.Ad-Hoc|ARM.ActiveCfg = Ad-Hoc|iPhone
		{FD9C4A66-0754-425F-9414-C88ADE614996}.Ad-Hoc|iPhone.ActiveCfg = Ad-Hoc|iPhone
		{FD9C4A66-0754-425F-9414-C88ADE614996}.Ad-Hoc|iPhone.Build.0 = Ad-Hoc|iPhone
		{FD9C4A66-0754-425F-9414-C88ADE614996}.Ad-Hoc|iPhoneSimulator.ActiveCfg = Ad-Hoc|iPhoneSimulator
		{FD9C4A66-0754-425F-9414-C88ADE614996}.Ad-Hoc|iPhoneSimulator.Build.0 = Ad-Hoc|iPhoneSimulator
		{FD9C4A66-0754-425F-9414-C88ADE614996}.Ad-Hoc|x64.ActiveCfg = Ad-Hoc|iPhone
		{FD9C4A66-0754-425F-9414-C88ADE614996}.Ad-Hoc|x86.ActiveCfg = Ad-Hoc|iPhone
		{FD9C4A66-0754-425F-9414-C88ADE614996}.AppStore|Any CPU.ActiveCfg = AppStore|iPhone
		{FD9C4A66-0754-425F-9414-C88ADE614996}.AppStore|ARM.ActiveCfg = AppStore|iPhone
		{FD9C4A66-0754-425F-9414-C88ADE614996}.AppStore|iPhone.ActiveCfg = AppStore|iPhone
		{FD9C4A66-0754-425F-9414-C88ADE614996}.AppStore|iPhone.Build.0 = AppStore|iPhone
		{FD9C4A66-0754-425F-9414-C88ADE614996}.AppStore|iPhoneSimulator.ActiveCfg = AppStore|iPhoneSimulator
		{FD9C4A66-0754-425F-9414-C88ADE614996}.AppStore|iPhoneSimulator.Build.0 = AppStore|iPhoneSimulator
		{FD9C4A66-0754-425F-9414-C88ADE614996}.AppStore|x64.ActiveCfg = AppStore|iPhone
		{FD9C4A66-0754-425F-9414-C88ADE614996}.AppStore|x86.ActiveCfg = AppStore|iPhone
		{FD9C4A66-0754-425F-9414-C88ADE614996}.Debug|Any CPU.ActiveCfg = Debug|iPhone
		{FD9C4A66-0754-425F-9414-C88ADE614996}.Debug|ARM.ActiveCfg = Debug|iPhone
		{FD9C4A66-0754-425F-9414-C88ADE614996}.Debug|iPhone.ActiveCfg = Debug|iPhone
		{FD9C4A66-0754-425F-9414-C88ADE614996}.Debug|iPhone.Build.0 = Debug|iPhone
		{FD9C4A66-0754-425F-9414-C88ADE614996}.Debug|iPhoneSimulator.ActiveCfg = Debug|iPhoneSimulator
		{FD9C4A66-0754-425F-9414-C88ADE614996}.Debug|iPhoneSimulator.Build.0 = Debug|iPhoneSimulator
		{FD9C4A66-0754-425F-9414-C88ADE614996}.Debug|x64.ActiveCfg = Debug|iPhone
		{FD9C4A66-0754-425F-9414-C88ADE614996}.Debug|x86.ActiveCfg = Debug|iPhone
		{FD9C4A66-0754-425F-9414-C88ADE614996}.Release|Any CPU.ActiveCfg = Release|iPhone
		{FD9C4A66-0754-425F-9414-C88ADE614996}.Release|ARM.ActiveCfg = Release|iPhone
		{FD9C4A66-0754-425F-9414-C88ADE614996}.Release|iPhone.ActiveCfg = Release|iPhone
		{FD9C4A66-0754-425F-9414-C88ADE614996}.Release|iPhone.Build.0 = Release|iPhone
		{FD9C4A66-0754-425F-9414-C88ADE614996}.Release|iPhoneSimulator.ActiveCfg = Release|iPhoneSimulator
		{FD9C4A66-0754-425F-9414-C88ADE614996}.Release|iPhoneSimulator.Build.0 = Release|iPhoneSimulator
		{FD9C4A66-0754-425F-9414-C88ADE614996}.Release|x64.ActiveCfg = Release|iPhone
		{FD9C4A66-0754-425F-9414-C88ADE614996}.Release|x86.ActiveCfg = Release|iPhone
		{01A8D635-48C4-43BF-9AC6-A1A9FD7E9026}.Ad-Hoc|Any CPU.ActiveCfg = Release|x86
		{01A8D635-48C4-43BF-9AC6-A1A9FD7E9026}.Ad-Hoc|Any CPU.Build.0 = Release|x86
		{01A8D635-48C4-43BF-9AC6-A1A9FD7E9026}.Ad-Hoc|Any CPU.Deploy.0 = Release|x86
		{01A8D635-48C4-43BF-9AC6-A1A9FD7E9026}.Ad-Hoc|ARM.ActiveCfg = Release|ARM
		{01A8D635-48C4-43BF-9AC6-A1A9FD7E9026}.Ad-Hoc|ARM.Build.0 = Release|ARM
		{01A8D635-48C4-43BF-9AC6-A1A9FD7E9026}.Ad-Hoc|ARM.Deploy.0 = Release|ARM
		{01A8D635-48C4-43BF-9AC6-A1A9FD7E9026}.Ad-Hoc|iPhone.ActiveCfg = Release|x86
		{01A8D635-48C4-43BF-9AC6-A1A9FD7E9026}.Ad-Hoc|iPhone.Build.0 = Release|x86
		{01A8D635-48C4-43BF-9AC6-A1A9FD7E9026}.Ad-Hoc|iPhone.Deploy.0 = Release|x86
		{01A8D635-48C4-43BF-9AC6-A1A9FD7E9026}.Ad-Hoc|iPhoneSimulator.ActiveCfg = Release|x86
		{01A8D635-48C4-43BF-9AC6-A1A9FD7E9026}.Ad-Hoc|iPhoneSimulator.Build.0 = Release|x86
		{01A8D635-48C4-43BF-9AC6-A1A9FD7E9026}.Ad-Hoc|iPhoneSimulator.Deploy.0 = Release|x86
		{01A8D635-48C4-43BF-9AC6-A1A9FD7E9026}.Ad-Hoc|x64.ActiveCfg = Release|x64
		{01A8D635-48C4-43BF-9AC6-A1A9FD7E9026}.Ad-Hoc|x64.Build.0 = Release|x64
		{01A8D635-48C4-43BF-9AC6-A1A9FD7E9026}.Ad-Hoc|x64.Deploy.0 = Release|x64
		{01A8D635-48C4-43BF-9AC6-A1A9FD7E9026}.Ad-Hoc|x86.ActiveCfg = Release|x86
		{01A8D635-48C4-43BF-9AC6-A1A9FD7E9026}.Ad-Hoc|x86.Build.0 = Release|x86
		{01A8D635-48C4-43BF-9AC6-A1A9FD7E9026}.Ad-Hoc|x86.Deploy.0 = Release|x86
		{01A8D635-48C4-43BF-9AC6-A1A9FD7E9026}.AppStore|Any CPU.ActiveCfg = Release|x86
		{01A8D635-48C4-43BF-9AC6-A1A9FD7E9026}.AppStore|Any CPU.Build.0 = Release|x86
		{01A8D635-48C4-43BF-9AC6-A1A9FD7E9026}.AppStore|Any CPU.Deploy.0 = Release|x86
		{01A8D635-48C4-43BF-9AC6-A1A9FD7E9026}.AppStore|ARM.ActiveCfg = Release|ARM
		{01A8D635-48C4-43BF-9AC6-A1A9FD7E9026}.AppStore|ARM.Build.0 = Release|ARM
		{01A8D635-48C4-43BF-9AC6-A1A9FD7E9026}.AppStore|ARM.Deploy.0 = Release|ARM
		{01A8D635-48C4-43BF-9AC6-A1A9FD7E9026}.AppStore|iPhone.ActiveCfg = Release|x86
		{01A8D635-48C4-43BF-9AC6-A1A9FD7E9026}.AppStore|iPhone.Build.0 = Release|x86
		{01A8D635-48C4-43BF-9AC6-A1A9FD7E9026}.AppStore|iPhone.Deploy.0 = Release|x86
		{01A8D635-48C4-43BF-9AC6-A1A9FD7E9026}.AppStore|iPhoneSimulator.ActiveCfg = Release|x86
		{01A8D635-48C4-43BF-9AC6-A1A9FD7E9026}.AppStore|iPhoneSimulator.Build.0 = Release|x86
		{01A8D635-48C4-43BF-9AC6-A1A9FD7E9026}.AppStore|iPhoneSimulator.Deploy.0 = Release|x86
		{01A8D635-48C4-43BF-9AC6-A1A9FD7E9026}.AppStore|x64.ActiveCfg = Release|x64
		{01A8D635-48C4-43BF-9AC6-A1A9FD7E9026}.AppStore|x64.Build.0 = Release|x64
		{01A8D635-48C4-43BF-9AC6-A1A9FD7E9026}.AppStore|x64.Deploy.0 = Release|x64
		{01A8D635-48C4-43BF-9AC6-A1A9FD7E9026}.AppStore|x86.ActiveCfg = Release|x86
		{01A8D635-48C4-43BF-9AC6-A1A9FD7E9026}.AppStore|x86.Build.0 = Release|x86
		{01A8D635-48C4-43BF-9AC6-A1A9FD7E9026}.AppStore|x86.Deploy.0 = Release|x86
		{01A8D635-48C4-43BF-9AC6-A1A9FD7E9026}.Debug|Any CPU.ActiveCfg = Debug|x86
		{01A8D635-48C4-43BF-9AC6-A1A9FD7E9026}.Debug|ARM.ActiveCfg = Debug|ARM
		{01A8D635-48C4-43BF-9AC6-A1A9FD7E9026}.Debug|ARM.Build.0 = Debug|ARM
		{01A8D635-48C4-43BF-9AC6-A1A9FD7E9026}.Debug|ARM.Deploy.0 = Debug|ARM
		{01A8D635-48C4-43BF-9AC6-A1A9FD7E9026}.Debug|iPhone.ActiveCfg = Debug|x86
		{01A8D635-48C4-43BF-9AC6-A1A9FD7E9026}.Debug|iPhoneSimulator.ActiveCfg = Debug|x86
		{01A8D635-48C4-43BF-9AC6-A1A9FD7E9026}.Debug|x64.ActiveCfg = Debug|x64
		{01A8D635-48C4-43BF-9AC6-A1A9FD7E9026}.Debug|x64.Build.0 = Debug|x64
		{01A8D635-48C4-43BF-9AC6-A1A9FD7E9026}.Debug|x64.Deploy.0 = Debug|x64
		{01A8D635-48C4-43BF-9AC6-A1A9FD7E9026}.Debug|x86.ActiveCfg = Debug|x86
		{01A8D635-48C4-43BF-9AC6-A1A9FD7E9026}.Debug|x86.Build.0 = Debug|x86
		{01A8D635-48C4-43BF-9AC6-A1A9FD7E9026}.Debug|x86.Deploy.0 = Debug|x86
		{01A8D635-48C4-43BF-9AC6-A1A9FD7E9026}.Release|Any CPU.ActiveCfg = Release|x86
		{01A8D635-48C4-43BF-9AC6-A1A9FD7E9026}.Release|ARM.ActiveCfg = Release|ARM
		{01A8D635-48C4-43BF-9AC6-A1A9FD7E9026}.Release|ARM.Build.0 = Release|ARM
		{01A8D635-48C4-43BF-9AC6-A1A9FD7E9026}.Release|ARM.Deploy.0 = Release|ARM
		{01A8D635-48C4-43BF-9AC6-A1A9FD7E9026}.Release|iPhone.ActiveCfg = Release|x86
		{01A8D635-48C4-43BF-9AC6-A1A9FD7E9026}.Release|iPhoneSimulator.ActiveCfg = Release|x86
		{01A8D635-48C4-43BF-9AC6-A1A9FD7E9026}.Release|x64.ActiveCfg = Release|x64
		{01A8D635-48C4-43BF-9AC6-A1A9FD7E9026}.Release|x64.Build.0 = Release|x64
		{01A8D635-48C4-43BF-9AC6-A1A9FD7E9026}.Release|x64.Deploy.0 = Release|x64
		{01A8D635-48C4-43BF-9AC6-A1A9FD7E9026}.Release|x86.ActiveCfg = Release|x86
		{01A8D635-48C4-43BF-9AC6-A1A9FD7E9026}.Release|x86.Build.0 = Release|x86
		{01A8D635-48C4-43BF-9AC6-A1A9FD7E9026}.Release|x86.Deploy.0 = Release|x86
		{7972F500-D384-4205-A699-E59AA8ABF1C5}.Ad-Hoc|Any CPU.ActiveCfg = Debug|Any CPU
		{7972F500-D384-4205-A699-E59AA8ABF1C5}.Ad-Hoc|Any CPU.Build.0 = Debug|Any CPU
		{7972F500-D384-4205-A699-E59AA8ABF1C5}.Ad-Hoc|ARM.ActiveCfg = Debug|Any CPU
		{7972F500-D384-4205-A699-E59AA8ABF1C5}.Ad-Hoc|ARM.Build.0 = Debug|Any CPU
		{7972F500-D384-4205-A699-E59AA8ABF1C5}.Ad-Hoc|iPhone.ActiveCfg = Debug|Any CPU
		{7972F500-D384-4205-A699-E59AA8ABF1C5}.Ad-Hoc|iPhone.Build.0 = Debug|Any CPU
		{7972F500-D384-4205-A699-E59AA8ABF1C5}.Ad-Hoc|iPhoneSimulator.ActiveCfg = Debug|Any CPU
		{7972F500-D384-4205-A699-E59AA8ABF1C5}.Ad-Hoc|iPhoneSimulator.Build.0 = Debug|Any CPU
		{7972F500-D384-4205-A699-E59AA8ABF1C5}.Ad-Hoc|x64.ActiveCfg = Debug|Any CPU
		{7972F500-D384-4205-A699-E59AA8ABF1C5}.Ad-Hoc|x64.Build.0 = Debug|Any CPU
		{7972F500-D384-4205-A699-E59AA8ABF1C5}.Ad-Hoc|x86.ActiveCfg = Debug|Any CPU
		{7972F500-D384-4205-A699-E59AA8ABF1C5}.Ad-Hoc|x86.Build.0 = Debug|Any CPU
		{7972F500-D384-4205-A699-E59AA8ABF1C5}.AppStore|Any CPU.ActiveCfg = Debug|Any CPU
		{7972F500-D384-4205-A699-E59AA8ABF1C5}.AppStore|Any CPU.Build.0 = Debug|Any CPU
		{7972F500-D384-4205-A699-E59AA8ABF1C5}.AppStore|ARM.ActiveCfg = Debug|Any CPU
		{7972F500-D384-4205-A699-E59AA8ABF1C5}.AppStore|ARM.Build.0 = Debug|Any CPU
		{7972F500-D384-4205-A699-E59AA8ABF1C5}.AppStore|iPhone.ActiveCfg = Debug|Any CPU
		{7972F500-D384-4205-A699-E59AA8ABF1C5}.AppStore|iPhone.Build.0 = Debug|Any CPU
		{7972F500-D384-4205-A699-E59AA8ABF1C5}.AppStore|iPhoneSimulator.ActiveCfg = Debug|Any CPU
		{7972F500-D384-4205-A699-E59AA8ABF1C5}.AppStore|iPhoneSimulator.Build.0 = Debug|Any CPU
		{7972F500-D384-4205-A699-E59AA8ABF1C5}.AppStore|x64.ActiveCfg = Debug|Any CPU
		{7972F500-D384-4205-A699-E59AA8ABF1C5}.AppStore|x64.Build.0 = Debug|Any CPU
		{7972F500-D384-4205-A699-E59AA8ABF1C5}.AppStore|x86.ActiveCfg = Debug|Any CPU
		{7972F500-D384-4205-A699-E59AA8ABF1C5}.AppStore|x86.Build.0 = Debug|Any CPU
		{7972F500-D384-4205-A699-E59AA8ABF1C5}.Debug|Any CPU.ActiveCfg = Debug|Any CPU
		{7972F500-D384-4205-A699-E59AA8ABF1C5}.Debug|Any CPU.Build.0 = Debug|Any CPU
		{7972F500-D384-4205-A699-E59AA8ABF1C5}.Debug|ARM.ActiveCfg = Debug|Any CPU
		{7972F500-D384-4205-A699-E59AA8ABF1C5}.Debug|ARM.Build.0 = Debug|Any CPU
		{7972F500-D384-4205-A699-E59AA8ABF1C5}.Debug|iPhone.ActiveCfg = Debug|Any CPU
		{7972F500-D384-4205-A699-E59AA8ABF1C5}.Debug|iPhone.Build.0 = Debug|Any CPU
		{7972F500-D384-4205-A699-E59AA8ABF1C5}.Debug|iPhoneSimulator.ActiveCfg = Debug|Any CPU
		{7972F500-D384-4205-A699-E59AA8ABF1C5}.Debug|iPhoneSimulator.Build.0 = Debug|Any CPU
		{7972F500-D384-4205-A699-E59AA8ABF1C5}.Debug|x64.ActiveCfg = Debug|Any CPU
		{7972F500-D384-4205-A699-E59AA8ABF1C5}.Debug|x64.Build.0 = Debug|Any CPU
		{7972F500-D384-4205-A699-E59AA8ABF1C5}.Debug|x86.ActiveCfg = Debug|Any CPU
		{7972F500-D384-4205-A699-E59AA8ABF1C5}.Debug|x86.Build.0 = Debug|Any CPU
		{7972F500-D384-4205-A699-E59AA8ABF1C5}.Release|Any CPU.ActiveCfg = Release|Any CPU
		{7972F500-D384-4205-A699-E59AA8ABF1C5}.Release|Any CPU.Build.0 = Release|Any CPU
		{7972F500-D384-4205-A699-E59AA8ABF1C5}.Release|ARM.ActiveCfg = Release|Any CPU
		{7972F500-D384-4205-A699-E59AA8ABF1C5}.Release|ARM.Build.0 = Release|Any CPU
		{7972F500-D384-4205-A699-E59AA8ABF1C5}.Release|iPhone.ActiveCfg = Release|Any CPU
		{7972F500-D384-4205-A699-E59AA8ABF1C5}.Release|iPhone.Build.0 = Release|Any CPU
		{7972F500-D384-4205-A699-E59AA8ABF1C5}.Release|iPhoneSimulator.ActiveCfg = Release|Any CPU
		{7972F500-D384-4205-A699-E59AA8ABF1C5}.Release|iPhoneSimulator.Build.0 = Release|Any CPU
		{7972F500-D384-4205-A699-E59AA8ABF1C5}.Release|x64.ActiveCfg = Release|Any CPU
		{7972F500-D384-4205-A699-E59AA8ABF1C5}.Release|x64.Build.0 = Release|Any CPU
		{7972F500-D384-4205-A699-E59AA8ABF1C5}.Release|x86.ActiveCfg = Release|Any CPU
		{7972F500-D384-4205-A699-E59AA8ABF1C5}.Release|x86.Build.0 = Release|Any CPU
		{B2521799-3028-4224-9337-5BFE76DB9CEA}.Ad-Hoc|Any CPU.ActiveCfg = Release|Any CPU
		{B2521799-3028-4224-9337-5BFE76DB9CEA}.Ad-Hoc|Any CPU.Build.0 = Release|Any CPU
		{B2521799-3028-4224-9337-5BFE76DB9CEA}.Ad-Hoc|ARM.ActiveCfg = Release|Any CPU
		{B2521799-3028-4224-9337-5BFE76DB9CEA}.Ad-Hoc|ARM.Build.0 = Release|Any CPU
		{B2521799-3028-4224-9337-5BFE76DB9CEA}.Ad-Hoc|iPhone.ActiveCfg = Release|Any CPU
		{B2521799-3028-4224-9337-5BFE76DB9CEA}.Ad-Hoc|iPhone.Build.0 = Release|Any CPU
		{B2521799-3028-4224-9337-5BFE76DB9CEA}.Ad-Hoc|iPhoneSimulator.ActiveCfg = Release|Any CPU
		{B2521799-3028-4224-9337-5BFE76DB9CEA}.Ad-Hoc|iPhoneSimulator.Build.0 = Release|Any CPU
		{B2521799-3028-4224-9337-5BFE76DB9CEA}.Ad-Hoc|x64.ActiveCfg = Release|Any CPU
		{B2521799-3028-4224-9337-5BFE76DB9CEA}.Ad-Hoc|x64.Build.0 = Release|Any CPU
		{B2521799-3028-4224-9337-5BFE76DB9CEA}.Ad-Hoc|x86.ActiveCfg = Release|Any CPU
		{B2521799-3028-4224-9337-5BFE76DB9CEA}.Ad-Hoc|x86.Build.0 = Release|Any CPU
		{B2521799-3028-4224-9337-5BFE76DB9CEA}.AppStore|Any CPU.ActiveCfg = Release|Any CPU
		{B2521799-3028-4224-9337-5BFE76DB9CEA}.AppStore|Any CPU.Build.0 = Release|Any CPU
		{B2521799-3028-4224-9337-5BFE76DB9CEA}.AppStore|ARM.ActiveCfg = Release|Any CPU
		{B2521799-3028-4224-9337-5BFE76DB9CEA}.AppStore|ARM.Build.0 = Release|Any CPU
		{B2521799-3028-4224-9337-5BFE76DB9CEA}.AppStore|iPhone.ActiveCfg = Release|Any CPU
		{B2521799-3028-4224-9337-5BFE76DB9CEA}.AppStore|iPhone.Build.0 = Release|Any CPU
		{B2521799-3028-4224-9337-5BFE76DB9CEA}.AppStore|iPhoneSimulator.ActiveCfg = Release|Any CPU
		{B2521799-3028-4224-9337-5BFE76DB9CEA}.AppStore|iPhoneSimulator.Build.0 = Release|Any CPU
		{B2521799-3028-4224-9337-5BFE76DB9CEA}.AppStore|x64.ActiveCfg = Release|Any CPU
		{B2521799-3028-4224-9337-5BFE76DB9CEA}.AppStore|x64.Build.0 = Release|Any CPU
		{B2521799-3028-4224-9337-5BFE76DB9CEA}.AppStore|x86.ActiveCfg = Release|Any CPU
		{B2521799-3028-4224-9337-5BFE76DB9CEA}.AppStore|x86.Build.0 = Release|Any CPU
		{B2521799-3028-4224-9337-5BFE76DB9CEA}.Debug|Any CPU.ActiveCfg = Debug|Any CPU
		{B2521799-3028-4224-9337-5BFE76DB9CEA}.Debug|Any CPU.Build.0 = Debug|Any CPU
		{B2521799-3028-4224-9337-5BFE76DB9CEA}.Debug|ARM.ActiveCfg = Debug|Any CPU
		{B2521799-3028-4224-9337-5BFE76DB9CEA}.Debug|ARM.Build.0 = Debug|Any CPU
		{B2521799-3028-4224-9337-5BFE76DB9CEA}.Debug|iPhone.ActiveCfg = Debug|Any CPU
		{B2521799-3028-4224-9337-5BFE76DB9CEA}.Debug|iPhone.Build.0 = Debug|Any CPU
		{B2521799-3028-4224-9337-5BFE76DB9CEA}.Debug|iPhoneSimulator.ActiveCfg = Debug|Any CPU
		{B2521799-3028-4224-9337-5BFE76DB9CEA}.Debug|iPhoneSimulator.Build.0 = Debug|Any CPU
		{B2521799-3028-4224-9337-5BFE76DB9CEA}.Debug|x64.ActiveCfg = Debug|Any CPU
		{B2521799-3028-4224-9337-5BFE76DB9CEA}.Debug|x64.Build.0 = Debug|Any CPU
		{B2521799-3028-4224-9337-5BFE76DB9CEA}.Debug|x86.ActiveCfg = Debug|Any CPU
		{B2521799-3028-4224-9337-5BFE76DB9CEA}.Debug|x86.Build.0 = Debug|Any CPU
		{B2521799-3028-4224-9337-5BFE76DB9CEA}.Release|Any CPU.ActiveCfg = Release|Any CPU
		{B2521799-3028-4224-9337-5BFE76DB9CEA}.Release|Any CPU.Build.0 = Release|Any CPU
		{B2521799-3028-4224-9337-5BFE76DB9CEA}.Release|ARM.ActiveCfg = Release|Any CPU
		{B2521799-3028-4224-9337-5BFE76DB9CEA}.Release|ARM.Build.0 = Release|Any CPU
		{B2521799-3028-4224-9337-5BFE76DB9CEA}.Release|iPhone.ActiveCfg = Release|Any CPU
		{B2521799-3028-4224-9337-5BFE76DB9CEA}.Release|iPhone.Build.0 = Release|Any CPU
		{B2521799-3028-4224-9337-5BFE76DB9CEA}.Release|iPhoneSimulator.ActiveCfg = Release|Any CPU
		{B2521799-3028-4224-9337-5BFE76DB9CEA}.Release|iPhoneSimulator.Build.0 = Release|Any CPU
		{B2521799-3028-4224-9337-5BFE76DB9CEA}.Release|x64.ActiveCfg = Release|Any CPU
		{B2521799-3028-4224-9337-5BFE76DB9CEA}.Release|x64.Build.0 = Release|Any CPU
		{B2521799-3028-4224-9337-5BFE76DB9CEA}.Release|x86.ActiveCfg = Release|Any CPU
		{B2521799-3028-4224-9337-5BFE76DB9CEA}.Release|x86.Build.0 = Release|Any CPU
		{9DCF1AEF-82CC-488E-B084-A165D71CCE98}.Ad-Hoc|Any CPU.ActiveCfg = Release|Any CPU
		{9DCF1AEF-82CC-488E-B084-A165D71CCE98}.Ad-Hoc|Any CPU.Build.0 = Release|Any CPU
		{9DCF1AEF-82CC-488E-B084-A165D71CCE98}.Ad-Hoc|ARM.ActiveCfg = Release|Any CPU
		{9DCF1AEF-82CC-488E-B084-A165D71CCE98}.Ad-Hoc|ARM.Build.0 = Release|Any CPU
		{9DCF1AEF-82CC-488E-B084-A165D71CCE98}.Ad-Hoc|iPhone.ActiveCfg = Release|Any CPU
		{9DCF1AEF-82CC-488E-B084-A165D71CCE98}.Ad-Hoc|iPhone.Build.0 = Release|Any CPU
		{9DCF1AEF-82CC-488E-B084-A165D71CCE98}.Ad-Hoc|iPhoneSimulator.ActiveCfg = Release|Any CPU
		{9DCF1AEF-82CC-488E-B084-A165D71CCE98}.Ad-Hoc|iPhoneSimulator.Build.0 = Release|Any CPU
		{9DCF1AEF-82CC-488E-B084-A165D71CCE98}.Ad-Hoc|x64.ActiveCfg = Release|Any CPU
		{9DCF1AEF-82CC-488E-B084-A165D71CCE98}.Ad-Hoc|x64.Build.0 = Release|Any CPU
		{9DCF1AEF-82CC-488E-B084-A165D71CCE98}.Ad-Hoc|x86.ActiveCfg = Release|Any CPU
		{9DCF1AEF-82CC-488E-B084-A165D71CCE98}.Ad-Hoc|x86.Build.0 = Release|Any CPU
		{9DCF1AEF-82CC-488E-B084-A165D71CCE98}.AppStore|Any CPU.ActiveCfg = Release|Any CPU
		{9DCF1AEF-82CC-488E-B084-A165D71CCE98}.AppStore|Any CPU.Build.0 = Release|Any CPU
		{9DCF1AEF-82CC-488E-B084-A165D71CCE98}.AppStore|ARM.ActiveCfg = Release|Any CPU
		{9DCF1AEF-82CC-488E-B084-A165D71CCE98}.AppStore|ARM.Build.0 = Release|Any CPU
		{9DCF1AEF-82CC-488E-B084-A165D71CCE98}.AppStore|iPhone.ActiveCfg = Release|Any CPU
		{9DCF1AEF-82CC-488E-B084-A165D71CCE98}.AppStore|iPhone.Build.0 = Release|Any CPU
		{9DCF1AEF-82CC-488E-B084-A165D71CCE98}.AppStore|iPhoneSimulator.ActiveCfg = Release|Any CPU
		{9DCF1AEF-82CC-488E-B084-A165D71CCE98}.AppStore|iPhoneSimulator.Build.0 = Release|Any CPU
		{9DCF1AEF-82CC-488E-B084-A165D71CCE98}.AppStore|x64.ActiveCfg = Release|Any CPU
		{9DCF1AEF-82CC-488E-B084-A165D71CCE98}.AppStore|x64.Build.0 = Release|Any CPU
		{9DCF1AEF-82CC-488E-B084-A165D71CCE98}.AppStore|x86.ActiveCfg = Release|Any CPU
		{9DCF1AEF-82CC-488E-B084-A165D71CCE98}.AppStore|x86.Build.0 = Release|Any CPU
		{9DCF1AEF-82CC-488E-B084-A165D71CCE98}.Debug|Any CPU.ActiveCfg = Debug|Any CPU
		{9DCF1AEF-82CC-488E-B084-A165D71CCE98}.Debug|Any CPU.Build.0 = Debug|Any CPU
		{9DCF1AEF-82CC-488E-B084-A165D71CCE98}.Debug|ARM.ActiveCfg = Debug|Any CPU
		{9DCF1AEF-82CC-488E-B084-A165D71CCE98}.Debug|ARM.Build.0 = Debug|Any CPU
		{9DCF1AEF-82CC-488E-B084-A165D71CCE98}.Debug|iPhone.ActiveCfg = Debug|Any CPU
		{9DCF1AEF-82CC-488E-B084-A165D71CCE98}.Debug|iPhone.Build.0 = Debug|Any CPU
		{9DCF1AEF-82CC-488E-B084-A165D71CCE98}.Debug|iPhoneSimulator.ActiveCfg = Debug|Any CPU
		{9DCF1AEF-82CC-488E-B084-A165D71CCE98}.Debug|iPhoneSimulator.Build.0 = Debug|Any CPU
		{9DCF1AEF-82CC-488E-B084-A165D71CCE98}.Debug|x64.ActiveCfg = Debug|Any CPU
		{9DCF1AEF-82CC-488E-B084-A165D71CCE98}.Debug|x64.Build.0 = Debug|Any CPU
		{9DCF1AEF-82CC-488E-B084-A165D71CCE98}.Debug|x86.ActiveCfg = Debug|Any CPU
		{9DCF1AEF-82CC-488E-B084-A165D71CCE98}.Release|Any CPU.ActiveCfg = Release|Any CPU
		{9DCF1AEF-82CC-488E-B084-A165D71CCE98}.Release|Any CPU.Build.0 = Release|Any CPU
		{9DCF1AEF-82CC-488E-B084-A165D71CCE98}.Release|ARM.ActiveCfg = Release|Any CPU
		{9DCF1AEF-82CC-488E-B084-A165D71CCE98}.Release|ARM.Build.0 = Release|Any CPU
		{9DCF1AEF-82CC-488E-B084-A165D71CCE98}.Release|iPhone.ActiveCfg = Release|Any CPU
		{9DCF1AEF-82CC-488E-B084-A165D71CCE98}.Release|iPhone.Build.0 = Release|Any CPU
		{9DCF1AEF-82CC-488E-B084-A165D71CCE98}.Release|iPhoneSimulator.ActiveCfg = Release|Any CPU
		{9DCF1AEF-82CC-488E-B084-A165D71CCE98}.Release|iPhoneSimulator.Build.0 = Release|Any CPU
		{9DCF1AEF-82CC-488E-B084-A165D71CCE98}.Release|x64.ActiveCfg = Release|Any CPU
		{9DCF1AEF-82CC-488E-B084-A165D71CCE98}.Release|x64.Build.0 = Release|Any CPU
		{9DCF1AEF-82CC-488E-B084-A165D71CCE98}.Release|x86.ActiveCfg = Release|Any CPU
		{9DCF1AEF-82CC-488E-B084-A165D71CCE98}.Release|x86.Build.0 = Release|Any CPU
	EndGlobalSection
	GlobalSection(SolutionProperties) = preSolution
		HideSolutionNode = FALSE
	EndGlobalSection
	GlobalSection(ExtensibilityGlobals) = postSolution
		SolutionGuid = {2473E45D-E64B-4309-9E9F-E2F2FCDC48EC}
	EndGlobalSection
EndGlobal
